# THIS IS AN AUTOGENERATED FILE. DO NOT EDIT THIS FILE DIRECTLY.
# yarn lockfile v1


lodash.isnative@^3.0.4:
  version "3.0.7"
  resolved "https://registry.yarnpkg.com/lodash.isnative/-/lodash.isnative-3.0.7.tgz#115ffedd2464b371614a10ba35c53e56cc5387dd"
  integrity sha1-EV/+3SRks3FhShC6NcU+VsxTh90=

packr@^1.0.1:
  version "1.0.1"
  resolved "https://registry.yarnpkg.com/packr/-/packr-1.0.1.tgz#d33b44876bc024adf9e85ebab7640d039208d9ce"
  integrity sha1-0ztEh2vAJK356F66t2QNA5II2c4=
  dependencies:
    lodash.isnative "^3.0.4"
    toSrc "^0.1.4"

toSrc@^0.1.4:
  version "0.1.4"
  resolved "https://registry.yarnpkg.com/toSrc/-/toSrc-0.1.4.tgz#a57b60b9e002e1c580d3250fea1c95f22207a9a6"
  integrity sha1-pXtgueAC4cWA0yUP6hyV8iIHqaY=
